{
  "version": 4,
  "terraform_version": "1.4.5",
  "serial": 32,
  "lineage": "7d9b7198-977c-9a12-f22e-0e0ab5cdbbcf",
  "outputs": {
    "Kops_instance_ips": {
      "value": [
        "3.128.171.166"
      ],
      "type": [
        "tuple",
        [
          "string"
        ]
      ]
    },
    "key_pair_name": {
      "value": "kops-key",
      "type": "string"
    },
    "name_servers": {
      "value": [
        "ns-1063.awsdns-04.org",
        "ns-1974.awsdns-54.co.uk",
        "ns-75.awsdns-09.com",
        "ns-881.awsdns-46.net"
      ],
      "type": [
        "list",
        "string"
      ]
    },
    "private_key": {
      "value": "-----BEGIN RSA PRIVATE KEY-----\nMIIJKAIBAAKCAgEAvTRJ+zAoLxW1NYFDv/33ZOZubGCCqxb7riHVrlX6JrSclfKS\nG94Giu+7UKoRlE1sNYczhM6OTZjnAJ4jiCCSKZHYR5eMIZqdZbJ+cddTLJ1bZQmg\nwDAYZZtPI0oPr7qzKml5/K6zeyehEBSUDmaERhMxFS1fTBwlERYZ+B/WgzqE/0/V\nIFt6OUT0NH/WrENJLXbeBuPqfsdKHXMcyjVqjj/M1vFr6lEoLDpqCKAd1TqELkm8\nggeCyvdjHsxjjlJRohiMN5hETj3Yc2sLEoaJznM5sk84nEhme+paotQpi7Lt5VhR\n4d4o4vXEdaZJozcwD9+CwE/f6dT9msr0342G5SWS341Uy/HbNEGnFZ9isQLLaY3X\nBlOxiXmgWOdnHmdj6gII2wsriL1MAWpiARMDjr85Dv8scrttsXGUZUzK/mIy5UCL\naec+/RzFGR1NkYWTZSH76qwimQA2mUGdWku3K5GKq+US4g5vZloSS8iLPzKv94lc\nLYnHs9m2AmeKQZtwltnFuk4ayG1uSR5ymoJEJKmXNB925Gx3E/PDng3SD0eN4c/u\n4URce3sjlupVayb6qUjCaVmauHEUNCaez2XRIm7L8i0NF7uP+lMaBHlxDBxoepke\nfhZcd+VwfZ2mEVH8e4E7RE8/3CNrDQOjw9ltUd+7ibv7QJa744Xh1g6YNrMCAwEA\nAQKCAgAXvJ2jc9E2xwRq6AK17YjCEd68ngcGq+V7XSdPrd2qSXJzpXELKfmsKJNZ\ndVyrPGNc+89M1BUqSwqAG1bd1yg/Ktr1cF/WP22Luq7+XUNED6HNtT2DnwUQikGN\nbdc19rhPk9gICWrfAoPEXrCMdfQWToYT4BNamxVTZXBwnp3s7MSOu1dDrfZRhQMW\nKwulpPNjTsxgFOvwZ9Q2iaCNBdKOchaiyLr/NJtToSh4WI4lmCfJHtsVfRe9mvfG\nf2HmExHGwkmlF+dJ4ZxsLnu/IT3ctrwAUMwLX1HsLeSdFPz5V8NcyI3NRm/euXKi\nR/BpF51iAGqI8fxne58tclTyTvEjSxd0qOOPt974gd1Hm/GWYmoyXN0HnN/xto3f\ntwlPH2NllWbBY2TlkO3SgpGWLLkuKG3sfu1zFkVVccVtu2hRrJ/TKJ2x7Hz+579w\nhryAMkgVt7xdtO+zphLECeTTxxIXuau/LO0KHw+XGh2Udy9rnKNspN4qshSC5OIQ\n0Ywa2UuN2CRNq1GLVRKMCYC7zDIqSwJ/tgB1GkV9pZhWYoJtnDtFJdLOaySt9nNq\nQ4f4AEcIq/759pW34gK8v8V/gFdy71LanyDEEmKyWvrpZVHAqwI8+pDyKK0xNJ5o\nG5NqlmsmX5za/4xwZYFGzw+c2wxLDW+fbHz82BpSNUyTr5Dk8QKCAQEAz1beNu+F\nL4OF0QnBxi20WrGU17RG6GF0NNXT46CCbmMfX9GMbgGV27jt2BGYgqxvIOfniBcf\n5nqw3VlcfyprCLhpBGRc2rw/KETFQlpk5uebZzGNJtknBNOOMDed1h2j2OewEkh0\nhv77keGmjcec8froxmySwfh/5QPq+D6i9wvs7J4CTfMho9UM1ZVbZuFYq0iczSbZ\n2lM4VVAg+QuAxFpu5cNFOSOblufzHFAdfhEs09tz8Pd0Qx3DyQQPuuuXMaRrMDuV\n/JchVcd4dp/4BazWsDy4v7D50o6NG1ViqMrglT7faRaf9bWYdxT6031NCIijO03R\nieu3cl3qqwYHTwKCAQEA6ZvZeQMN/BwDWlPs3/UV8GFrYGf6tH8EkHbhRgBUllkg\nC8GmmXsfGYOGo0+zR9BG/Igse5GOP3vCpXPndjIiO/omSTP8mnZOdxMoAqW9wFn2\nck2m5hNv7xs9fNoSBjMBeGNwn+hpCteIzmVfJlexElg7hqGnWgxyvq0OirqDgqEY\nKD8jjlijp5oSn4XWpeFBhrheY65pQ4jNot94AsDyz+SB42JWzIraMIkVe+Bz8wu0\nx9wAAjXXBnaCOMtH/GGMxYlbtYk75zzzN1IJe1bmuyo8U45dutLKLQyCyVHsMNSL\n1AkELZrCMIVvDwEegIPpYxpWpqaK2gZ2sJpedovBXQKCAQEAj6qukTxIehLVT3JG\nTa7vsIQqEYj+NRkJ725Wwvw+RIT0gW1us+7vSu+KBtSya6FV42QtX3Q+i3JqSQYZ\nfJgE0GcPhZaRbJNR4/I7CO4fyoujd86y8r83NTXt6WUwPeQN20c3DoQcEkpuQLgt\ns0IkctucHZmv2y34WNTtJJQqUap2wcH+8MpOfforSXeTfOcajJzk4ZZRD+HoP90k\n68xXrjbHbvduaNhOgDM6llzBAtCd0jLW1JpyeesO9aOVzrxd6Gz4RNSU6hBCbfCo\nfPH9ZtlLbZS1o0Xa5VYXWmBA25qwIVoObf/aWOQ6wBDOeGrzTL149afHUJz/YQTI\njTbBKwKCAQBDC5ihs2+7EGsh7H5KVHPEdqEznQQF84Ji18uVpJiiQdgBp8VhvUVS\ntD3a9w/UJ4GIDqj9mevCaomVpKskcAUFQ6jjT4lK53Njl1rfT6Qi5W7mpUSmOaPh\ncub1wzxzDQZ5/8geDLzBANThr5RcU8SdKDeFTzXRkUsJUG+g/yCpSAS/4EcbHnNx\nsbVwlR/iocCForpsT20klcm22f3+hFPruIBSuzGAKMWwMle5ItUERzLOPWS/PaaF\n01NSa30wgOq+8sogUs+fcQ24rdHM1UcJJnkD3hMmgELIJRQQJXPtG8M5ypCpagYb\nmOAj5UVUywcbiz6dO6UUJ9C+pL9BtKB9AoIBAGVKrD8/KqzrbrsOnqfaiqX3o608\n7/unfh9Cdad49iCXqr6xgGvOBoe2NqyqJ0FFv0e4heRlzxzC3eSXKWgIqHFFo+H/\nLxkKrw0oSBaijV/EjwiF2O44zGAoGCkmLQgRUTE7QkKFA53Zjmd3a1jsjb8IRud4\nfhf0o6B11wSi8vYNc9+RVghA5Q9l7kPqD4fY+iYpTwWgzoXPbr3XCdxgNJAIGaiQ\ni3Tyf7UqugyV6Ozy2Hqn/2A694nvbONcHfzoT4Gjc14Mj8leEZliEDTpolscXUa6\nJSNyyFqHbKWr0PyiEaIGqIdpebO2o3jPEt/mk6Uj4pCQhw2PD1ro4ft0Cro=\n-----END RSA PRIVATE KEY-----\n",
      "type": "string",
      "sensitive": true
    },
    "private_subnets": {
      "value": [
        "subnet-002c8e542242f18d8",
        "subnet-05bfa00c0f0777a54",
        "subnet-07f150c6155c7bc19"
      ],
      "type": [
        "tuple",
        [
          "string",
          "string",
          "string"
        ]
      ]
    },
    "public_subnets": {
      "value": [
        "subnet-0c7002dfa5b2af2b8",
        "subnet-062c60604bcff25a5",
        "subnet-0e6bc70017cd3640f"
      ],
      "type": [
        "tuple",
        [
          "string",
          "string",
          "string"
        ]
      ]
    },
    "vote_service_sg_id": {
      "value": "sg-0f3188747aae33661",
      "type": "string"
    },
    "zone_id": {
      "value": "Z054443417Y74YC4EYPE1",
      "type": "string"
    }
  },
  "resources": [
    {
      "mode": "data",
      "type": "aws_instance",
      "name": "created_instances",
      "provider": "provider[\"registry.terraform.io/hashicorp/aws\"]",
      "instances": [
        {
          "index_key": "0",
          "schema_version": 0,
          "attributes": {
            "ami": "ami-0a695f0d95cefc163",
            "arn": "arn:aws:ec2:us-east-2:062894342784:instance/i-032b0c1c42c954b73",
            "associate_public_ip_address": true,
            "availability_zone": "us-east-2a",
            "credit_specification": [
              {
                "cpu_credits": "standard"
              }
            ],
            "disable_api_stop": false,
            "disable_api_termination": false,
            "ebs_block_device": [],
            "ebs_optimized": false,
            "enclave_options": [
              {
                "enabled": false
              }
            ],
            "ephemeral_block_device": [],
            "filter": null,
            "get_password_data": false,
            "get_user_data": false,
            "host_id": "",
            "host_resource_group_arn": "",
            "iam_instance_profile": "",
            "id": "i-032b0c1c42c954b73",
            "instance_id": "i-032b0c1c42c954b73",
            "instance_state": "running",
            "instance_tags": null,
            "instance_type": "t2.micro",
            "ipv6_addresses": [],
            "key_name": "kops-key",
            "maintenance_options": [
              {
                "auto_recovery": "default"
              }
            ],
            "metadata_options": [
              {
                "http_endpoint": "enabled",
                "http_put_response_hop_limit": 1,
                "http_tokens": "optional",
                "instance_metadata_tags": "disabled"
              }
            ],
            "monitoring": true,
            "network_interface_id": "eni-04f615e4a01a1c925",
            "outpost_arn": "",
            "password_data": null,
            "placement_group": "",
            "placement_partition_number": 0,
            "private_dns": "ip-172-22-1-243.us-east-2.compute.internal",
            "private_dns_name_options": [
              {
                "enable_resource_name_dns_a_record": false,
                "enable_resource_name_dns_aaaa_record": false,
                "hostname_type": "ip-name"
              }
            ],
            "private_ip": "172.22.1.243",
            "public_dns": "ec2-3-128-171-166.us-east-2.compute.amazonaws.com",
            "public_ip": "3.128.171.166",
            "root_block_device": [
              {
                "delete_on_termination": true,
                "device_name": "/dev/sda1",
                "encrypted": false,
                "iops": 100,
                "kms_key_id": "",
                "tags": {
                  "Name": "0"
                },
                "throughput": 0,
                "volume_id": "vol-019f6e2236a8268e2",
                "volume_size": 8,
                "volume_type": "gp2"
              }
            ],
            "secondary_private_ips": [],
            "security_groups": [],
            "source_dest_check": true,
            "subnet_id": "subnet-0c7002dfa5b2af2b8",
            "tags": {
              "Environment": "dev",
              "Name": "0",
              "Role": "Kops",
              "Terraform": "true"
            },
            "tenancy": "default",
            "timeouts": null,
            "user_data": "00fb590d03435f7f8328f68d6fa181e92f633b71",
            "user_data_base64": null,
            "vpc_security_group_ids": [
              "sg-0f3188747aae33661"
            ]
          },
          "sensitive_attributes": []
        }
      ]
    },
    {
      "mode": "managed",
      "type": "aws_key_pair",
      "name": "kops",
      "provider": "provider[\"registry.terraform.io/hashicorp/aws\"]",
      "instances": [
        {
          "schema_version": 1,
          "attributes": {
            "arn": "arn:aws:ec2:us-east-2:062894342784:key-pair/kops-key",
            "fingerprint": "db:91:1d:06:81:bd:a2:cd:ad:56:19:99:1a:c0:f8:15",
            "id": "kops-key",
            "key_name": "kops-key",
            "key_name_prefix": "",
            "key_pair_id": "key-0a5be2cbff2278cbe",
            "key_type": "rsa",
            "public_key": "ssh-rsa AAAAB3NzaC1yc2EAAAADAQABAAACAQC9NEn7MCgvFbU1gUO//fdk5m5sYIKrFvuuIdWuVfomtJyV8pIb3gaK77tQqhGUTWw1hzOEzo5NmOcAniOIIJIpkdhHl4whmp1lsn5x11MsnVtlCaDAMBhlm08jSg+vurMqaXn8rrN7J6EQFJQOZoRGEzEVLV9MHCURFhn4H9aDOoT/T9UgW3o5RPQ0f9asQ0ktdt4G4+p+x0odcxzKNWqOP8zW8WvqUSgsOmoIoB3VOoQuSbyCB4LK92MezGOOUlGiGIw3mEROPdhzawsShonOczmyTzicSGZ76lqi1CmLsu3lWFHh3iji9cR1pkmjNzAP34LAT9/p1P2ayvTfjYblJZLfjVTL8ds0QacVn2KxAstpjdcGU7GJeaBY52ceZ2PqAgjbCyuIvUwBamIBEwOOvzkO/yxyu22xcZRlTMr+YjLlQItp5z79HMUZHU2RhZNlIfvqrCKZADaZQZ1aS7crkYqr5RLiDm9mWhJLyIs/Mq/3iVwticez2bYCZ4pBm3CW2cW6ThrIbW5JHnKagkQkqZc0H3bkbHcT88OeDdIPR43hz+7hRFx7eyOW6lVrJvqpSMJpWZq4cRQ0Jp7PZdEibsvyLQ0Xu4/6UxoEeXEMHGh6mR5+Flx35XB9naYRUfx7gTtETz/cI2sNA6PD2W1R37uJu/tAlrvjheHWDpg2sw==",
            "tags": null,
            "tags_all": {}
          },
          "sensitive_attributes": [],
          "private": "eyJzY2hlbWFfdmVyc2lvbiI6IjEifQ==",
          "dependencies": [
            "tls_private_key.kops"
          ]
        }
      ]
    },
    {
      "mode": "managed",
      "type": "aws_route53_zone",
      "name": "my_zone",
      "provider": "provider[\"registry.terraform.io/hashicorp/aws\"]",
      "instances": [
        {
          "schema_version": 0,
          "attributes": {
            "arn": "arn:aws:route53:::hostedzone/Z054443417Y74YC4EYPE1",
            "comment": "Managed by Terraform",
            "delegation_set_id": "",
            "force_destroy": false,
            "id": "Z054443417Y74YC4EYPE1",
            "name": "kubdevpro.med-aide.com",
            "name_servers": [
              "ns-1063.awsdns-04.org",
              "ns-1974.awsdns-54.co.uk",
              "ns-75.awsdns-09.com",
              "ns-881.awsdns-46.net"
            ],
            "primary_name_server": "ns-75.awsdns-09.com",
            "tags": null,
            "tags_all": {},
            "vpc": [],
            "zone_id": "Z054443417Y74YC4EYPE1"
          },
          "sensitive_attributes": [],
          "private": "bnVsbA=="
        }
      ]
    },
    {
      "mode": "managed",
      "type": "aws_s3_bucket",
      "name": "bucket",
      "provider": "provider[\"registry.terraform.io/hashicorp/aws\"]",
      "instances": [
        {
          "schema_version": 0,
          "attributes": {
            "acceleration_status": "",
            "acl": null,
            "arn": "arn:aws:s3:::devpro-kops-state",
            "bucket": "devpro-kops-state",
            "bucket_domain_name": "devpro-kops-state.s3.amazonaws.com",
            "bucket_prefix": "",
            "bucket_regional_domain_name": "devpro-kops-state.s3.us-east-2.amazonaws.com",
            "cors_rule": [],
            "force_destroy": false,
            "grant": [
              {
                "id": "ad5bb3c5c43c0da632da28e5b79320a475866123a84f4ecbb7097842554a2765",
                "permissions": [
                  "FULL_CONTROL"
                ],
                "type": "CanonicalUser",
                "uri": ""
              }
            ],
            "hosted_zone_id": "Z2O1EMRO9K5GLX",
            "id": "devpro-kops-state",
            "lifecycle_rule": [],
            "logging": [],
            "object_lock_configuration": [],
            "object_lock_enabled": false,
            "policy": "",
            "region": "us-east-2",
            "replication_configuration": [],
            "request_payer": "BucketOwner",
            "server_side_encryption_configuration": [
              {
                "rule": [
                  {
                    "apply_server_side_encryption_by_default": [
                      {
                        "kms_master_key_id": "",
                        "sse_algorithm": "AES256"
                      }
                    ],
                    "bucket_key_enabled": false
                  }
                ]
              }
            ],
            "tags": {
              "Environment": "Dev",
              "Name": "My bucket"
            },
            "tags_all": {
              "Environment": "Dev",
              "Name": "My bucket"
            },
            "timeouts": null,
            "versioning": [
              {
                "enabled": false,
                "mfa_delete": false
              }
            ],
            "website": [],
            "website_domain": null,
            "website_endpoint": null
          },
          "sensitive_attributes": [],
          "private": "eyJlMmJmYjczMC1lY2FhLTExZTYtOGY4OC0zNDM2M2JjN2M0YzAiOnsiY3JlYXRlIjoxMjAwMDAwMDAwMDAwLCJkZWxldGUiOjM2MDAwMDAwMDAwMDAsInJlYWQiOjEyMDAwMDAwMDAwMDAsInVwZGF0ZSI6MTIwMDAwMDAwMDAwMH19"
        }
      ]
    },
    {
      "mode": "managed",
      "type": "aws_s3_bucket_public_access_block",
      "name": "bucket_acl",
      "provider": "provider[\"registry.terraform.io/hashicorp/aws\"]",
      "instances": [
        {
          "schema_version": 0,
          "attributes": {
            "block_public_acls": true,
            "block_public_policy": true,
            "bucket": "devpro-kops-state",
            "id": "devpro-kops-state",
            "ignore_public_acls": false,
            "restrict_public_buckets": false
          },
          "sensitive_attributes": [],
          "private": "bnVsbA==",
          "dependencies": [
            "aws_s3_bucket.bucket"
          ]
        }
      ]
    },
    {
      "mode": "managed",
      "type": "local_sensitive_file",
      "name": "private_key",
      "provider": "provider[\"registry.terraform.io/hashicorp/local\"]",
      "instances": [
        {
          "schema_version": 0,
          "attributes": {
            "content": "-----BEGIN RSA PRIVATE KEY-----\nMIIJKAIBAAKCAgEAvTRJ+zAoLxW1NYFDv/33ZOZubGCCqxb7riHVrlX6JrSclfKS\nG94Giu+7UKoRlE1sNYczhM6OTZjnAJ4jiCCSKZHYR5eMIZqdZbJ+cddTLJ1bZQmg\nwDAYZZtPI0oPr7qzKml5/K6zeyehEBSUDmaERhMxFS1fTBwlERYZ+B/WgzqE/0/V\nIFt6OUT0NH/WrENJLXbeBuPqfsdKHXMcyjVqjj/M1vFr6lEoLDpqCKAd1TqELkm8\nggeCyvdjHsxjjlJRohiMN5hETj3Yc2sLEoaJznM5sk84nEhme+paotQpi7Lt5VhR\n4d4o4vXEdaZJozcwD9+CwE/f6dT9msr0342G5SWS341Uy/HbNEGnFZ9isQLLaY3X\nBlOxiXmgWOdnHmdj6gII2wsriL1MAWpiARMDjr85Dv8scrttsXGUZUzK/mIy5UCL\naec+/RzFGR1NkYWTZSH76qwimQA2mUGdWku3K5GKq+US4g5vZloSS8iLPzKv94lc\nLYnHs9m2AmeKQZtwltnFuk4ayG1uSR5ymoJEJKmXNB925Gx3E/PDng3SD0eN4c/u\n4URce3sjlupVayb6qUjCaVmauHEUNCaez2XRIm7L8i0NF7uP+lMaBHlxDBxoepke\nfhZcd+VwfZ2mEVH8e4E7RE8/3CNrDQOjw9ltUd+7ibv7QJa744Xh1g6YNrMCAwEA\nAQKCAgAXvJ2jc9E2xwRq6AK17YjCEd68ngcGq+V7XSdPrd2qSXJzpXELKfmsKJNZ\ndVyrPGNc+89M1BUqSwqAG1bd1yg/Ktr1cF/WP22Luq7+XUNED6HNtT2DnwUQikGN\nbdc19rhPk9gICWrfAoPEXrCMdfQWToYT4BNamxVTZXBwnp3s7MSOu1dDrfZRhQMW\nKwulpPNjTsxgFOvwZ9Q2iaCNBdKOchaiyLr/NJtToSh4WI4lmCfJHtsVfRe9mvfG\nf2HmExHGwkmlF+dJ4ZxsLnu/IT3ctrwAUMwLX1HsLeSdFPz5V8NcyI3NRm/euXKi\nR/BpF51iAGqI8fxne58tclTyTvEjSxd0qOOPt974gd1Hm/GWYmoyXN0HnN/xto3f\ntwlPH2NllWbBY2TlkO3SgpGWLLkuKG3sfu1zFkVVccVtu2hRrJ/TKJ2x7Hz+579w\nhryAMkgVt7xdtO+zphLECeTTxxIXuau/LO0KHw+XGh2Udy9rnKNspN4qshSC5OIQ\n0Ywa2UuN2CRNq1GLVRKMCYC7zDIqSwJ/tgB1GkV9pZhWYoJtnDtFJdLOaySt9nNq\nQ4f4AEcIq/759pW34gK8v8V/gFdy71LanyDEEmKyWvrpZVHAqwI8+pDyKK0xNJ5o\nG5NqlmsmX5za/4xwZYFGzw+c2wxLDW+fbHz82BpSNUyTr5Dk8QKCAQEAz1beNu+F\nL4OF0QnBxi20WrGU17RG6GF0NNXT46CCbmMfX9GMbgGV27jt2BGYgqxvIOfniBcf\n5nqw3VlcfyprCLhpBGRc2rw/KETFQlpk5uebZzGNJtknBNOOMDed1h2j2OewEkh0\nhv77keGmjcec8froxmySwfh/5QPq+D6i9wvs7J4CTfMho9UM1ZVbZuFYq0iczSbZ\n2lM4VVAg+QuAxFpu5cNFOSOblufzHFAdfhEs09tz8Pd0Qx3DyQQPuuuXMaRrMDuV\n/JchVcd4dp/4BazWsDy4v7D50o6NG1ViqMrglT7faRaf9bWYdxT6031NCIijO03R\nieu3cl3qqwYHTwKCAQEA6ZvZeQMN/BwDWlPs3/UV8GFrYGf6tH8EkHbhRgBUllkg\nC8GmmXsfGYOGo0+zR9BG/Igse5GOP3vCpXPndjIiO/omSTP8mnZOdxMoAqW9wFn2\nck2m5hNv7xs9fNoSBjMBeGNwn+hpCteIzmVfJlexElg7hqGnWgxyvq0OirqDgqEY\nKD8jjlijp5oSn4XWpeFBhrheY65pQ4jNot94AsDyz+SB42JWzIraMIkVe+Bz8wu0\nx9wAAjXXBnaCOMtH/GGMxYlbtYk75zzzN1IJe1bmuyo8U45dutLKLQyCyVHsMNSL\n1AkELZrCMIVvDwEegIPpYxpWpqaK2gZ2sJpedovBXQKCAQEAj6qukTxIehLVT3JG\nTa7vsIQqEYj+NRkJ725Wwvw+RIT0gW1us+7vSu+KBtSya6FV42QtX3Q+i3JqSQYZ\nfJgE0GcPhZaRbJNR4/I7CO4fyoujd86y8r83NTXt6WUwPeQN20c3DoQcEkpuQLgt\ns0IkctucHZmv2y34WNTtJJQqUap2wcH+8MpOfforSXeTfOcajJzk4ZZRD+HoP90k\n68xXrjbHbvduaNhOgDM6llzBAtCd0jLW1JpyeesO9aOVzrxd6Gz4RNSU6hBCbfCo\nfPH9ZtlLbZS1o0Xa5VYXWmBA25qwIVoObf/aWOQ6wBDOeGrzTL149afHUJz/YQTI\njTbBKwKCAQBDC5ihs2+7EGsh7H5KVHPEdqEznQQF84Ji18uVpJiiQdgBp8VhvUVS\ntD3a9w/UJ4GIDqj9mevCaomVpKskcAUFQ6jjT4lK53Njl1rfT6Qi5W7mpUSmOaPh\ncub1wzxzDQZ5/8geDLzBANThr5RcU8SdKDeFTzXRkUsJUG+g/yCpSAS/4EcbHnNx\nsbVwlR/iocCForpsT20klcm22f3+hFPruIBSuzGAKMWwMle5ItUERzLOPWS/PaaF\n01NSa30wgOq+8sogUs+fcQ24rdHM1UcJJnkD3hMmgELIJRQQJXPtG8M5ypCpagYb\nmOAj5UVUywcbiz6dO6UUJ9C+pL9BtKB9AoIBAGVKrD8/KqzrbrsOnqfaiqX3o608\n7/unfh9Cdad49iCXqr6xgGvOBoe2NqyqJ0FFv0e4heRlzxzC3eSXKWgIqHFFo+H/\nLxkKrw0oSBaijV/EjwiF2O44zGAoGCkmLQgRUTE7QkKFA53Zjmd3a1jsjb8IRud4\nfhf0o6B11wSi8vYNc9+RVghA5Q9l7kPqD4fY+iYpTwWgzoXPbr3XCdxgNJAIGaiQ\ni3Tyf7UqugyV6Ozy2Hqn/2A694nvbONcHfzoT4Gjc14Mj8leEZliEDTpolscXUa6\nJSNyyFqHbKWr0PyiEaIGqIdpebO2o3jPEt/mk6Uj4pCQhw2PD1ro4ft0Cro=\n-----END RSA PRIVATE KEY-----\n",
            "content_base64": null,
            "content_base64sha256": "cIHTTVgFdCk6M0jzUIMsbjK6tjDsVuynxS1MJ5NNqZo=",
            "content_base64sha512": "iJvORUiy0a0uDSBPAyw09I24rlCToBMCX5qwIwhNVS4pSJNBAofg6HfmGEyza+JQyQwH4442CEIY3tNC699EVA==",
            "content_md5": "911a93db1937cf2f18ffce4d5e718692",
            "content_sha1": "74e3a61f4a349bf4a68c7909c03fe6c0e533edf8",
            "content_sha256": "7081d34d580574293a3348f350832c6e32bab630ec56eca7c52d4c27934da99a",
            "content_sha512": "889bce4548b2d1ad2e0d204f032c34f48db8ae5093a013025f9ab023084d552e294893410287e0e877e6184cb36be250c90c07e38e36084218ded342ebdf4454",
            "directory_permission": "0700",
            "file_permission": "0700",
            "filename": "/Users/memoor/.ssh/kops-key.pem",
            "id": "74e3a61f4a349bf4a68c7909c03fe6c0e533edf8",
            "source": null
          },
          "sensitive_attributes": [
            [
              {
                "type": "get_attr",
                "value": "content"
              }
            ]
          ],
          "dependencies": [
            "tls_private_key.kops"
          ]
        }
      ]
    },
    {
      "mode": "managed",
      "type": "tls_private_key",
      "name": "kops",
      "provider": "provider[\"registry.terraform.io/hashicorp/tls\"]",
      "instances": [
        {
          "schema_version": 1,
          "attributes": {
            "algorithm": "RSA",
            "ecdsa_curve": "P224",
            "id": "c33dd9be0925f0469ca1ba1fdc9651c4bcf05db7",
            "private_key_openssh": "-----BEGIN OPENSSH PRIVATE KEY-----\nb3BlbnNzaC1rZXktdjEAAAAABG5vbmUAAAAEbm9uZQAAAAAAAAABAAACFwAAAAdz\nc2gtcnNhAAAAAwEAAQAAAgEAvTRJ+zAoLxW1NYFDv/33ZOZubGCCqxb7riHVrlX6\nJrSclfKSG94Giu+7UKoRlE1sNYczhM6OTZjnAJ4jiCCSKZHYR5eMIZqdZbJ+cddT\nLJ1bZQmgwDAYZZtPI0oPr7qzKml5/K6zeyehEBSUDmaERhMxFS1fTBwlERYZ+B/W\ngzqE/0/VIFt6OUT0NH/WrENJLXbeBuPqfsdKHXMcyjVqjj/M1vFr6lEoLDpqCKAd\n1TqELkm8ggeCyvdjHsxjjlJRohiMN5hETj3Yc2sLEoaJznM5sk84nEhme+paotQp\ni7Lt5VhR4d4o4vXEdaZJozcwD9+CwE/f6dT9msr0342G5SWS341Uy/HbNEGnFZ9i\nsQLLaY3XBlOxiXmgWOdnHmdj6gII2wsriL1MAWpiARMDjr85Dv8scrttsXGUZUzK\n/mIy5UCLaec+/RzFGR1NkYWTZSH76qwimQA2mUGdWku3K5GKq+US4g5vZloSS8iL\nPzKv94lcLYnHs9m2AmeKQZtwltnFuk4ayG1uSR5ymoJEJKmXNB925Gx3E/PDng3S\nD0eN4c/u4URce3sjlupVayb6qUjCaVmauHEUNCaez2XRIm7L8i0NF7uP+lMaBHlx\nDBxoepkefhZcd+VwfZ2mEVH8e4E7RE8/3CNrDQOjw9ltUd+7ibv7QJa744Xh1g6Y\nNrMAAAc4sxX7GLMV+xgAAAAHc3NoLXJzYQAAAgEAvTRJ+zAoLxW1NYFDv/33ZOZu\nbGCCqxb7riHVrlX6JrSclfKSG94Giu+7UKoRlE1sNYczhM6OTZjnAJ4jiCCSKZHY\nR5eMIZqdZbJ+cddTLJ1bZQmgwDAYZZtPI0oPr7qzKml5/K6zeyehEBSUDmaERhMx\nFS1fTBwlERYZ+B/WgzqE/0/VIFt6OUT0NH/WrENJLXbeBuPqfsdKHXMcyjVqjj/M\n1vFr6lEoLDpqCKAd1TqELkm8ggeCyvdjHsxjjlJRohiMN5hETj3Yc2sLEoaJznM5\nsk84nEhme+paotQpi7Lt5VhR4d4o4vXEdaZJozcwD9+CwE/f6dT9msr0342G5SWS\n341Uy/HbNEGnFZ9isQLLaY3XBlOxiXmgWOdnHmdj6gII2wsriL1MAWpiARMDjr85\nDv8scrttsXGUZUzK/mIy5UCLaec+/RzFGR1NkYWTZSH76qwimQA2mUGdWku3K5GK\nq+US4g5vZloSS8iLPzKv94lcLYnHs9m2AmeKQZtwltnFuk4ayG1uSR5ymoJEJKmX\nNB925Gx3E/PDng3SD0eN4c/u4URce3sjlupVayb6qUjCaVmauHEUNCaez2XRIm7L\n8i0NF7uP+lMaBHlxDBxoepkefhZcd+VwfZ2mEVH8e4E7RE8/3CNrDQOjw9ltUd+7\nibv7QJa744Xh1g6YNrMAAAADAQABAAACABe8naNz0TbHBGroArXtiMIR3ryeBwar\n5XtdJ0+t3apJcnOlcQsp+awok1l1XKs8Y1z7z0zUFSpLCoAbVt3XKD8q2vVwX9Y/\nbYu6rv5dQ0QPoc21PYOfBRCKQY1t1zX2uE+T2AgJat8Cg8ResIx19BZOhhPgE1qb\nFVNlcHCenezsxI67V0Ot9lGFAxYrC6Wk82NOzGAU6/Bn1DaJoI0F0o5yFqLIuv80\nm1OhKHhYjiWYJ8ke2xV9F72a98Z/YeYTEcbCSaUX50nhnGwue78hPdy2vABQzAtf\nUewt5J0U/PlXw1zIjc1Gb965cqJH8GkXnWIAaojx/Gd7ny1yVPJO8SNLF3So44+3\n3viB3Ueb8ZZiajJc3Qec3/G2jd+3CU8fY2WVZsFjZOWQ7dKCkZYsuS4obex+7XMW\nRVVxxW27aFGsn9MonbHsfP7nv3CGvIAySBW3vF2077OmEsQJ5NPHEhe5q78s7Qof\nD5caHZR3L2uco2yk3iqyFILk4hDRjBrZS43YJE2rUYtVEowJgLvMMipLAn+2AHUa\nRX2lmFZigm2cO0Ul0s5rJK32c2pDh/gARwir/vn2lbfiAry/xX+AV3LvUtqfIMQS\nYrJa+ullUcCrAjz6kPIorTE0nmgbk2qWayZfnNr/jHBlgUbPD5zbDEsNb59sfPzY\nGlI1TJOvkOTxAAABAGVKrD8/KqzrbrsOnqfaiqX3o6087/unfh9Cdad49iCXqr6x\ngGvOBoe2NqyqJ0FFv0e4heRlzxzC3eSXKWgIqHFFo+H/LxkKrw0oSBaijV/EjwiF\n2O44zGAoGCkmLQgRUTE7QkKFA53Zjmd3a1jsjb8IRud4fhf0o6B11wSi8vYNc9+R\nVghA5Q9l7kPqD4fY+iYpTwWgzoXPbr3XCdxgNJAIGaiQi3Tyf7UqugyV6Ozy2Hqn\n/2A694nvbONcHfzoT4Gjc14Mj8leEZliEDTpolscXUa6JSNyyFqHbKWr0PyiEaIG\nqIdpebO2o3jPEt/mk6Uj4pCQhw2PD1ro4ft0CroAAAEBAM9W3jbvhS+DhdEJwcYt\ntFqxlNe0RuhhdDTV0+Oggm5jH1/RjG4Bldu47dgRmIKsbyDn54gXH+Z6sN1ZXH8q\nawi4aQRkXNq8PyhExUJaZObnm2cxjSbZJwTTjjA3ndYdo9jnsBJIdIb++5Hhpo3H\nnPH66MZsksH4f+UD6vg+ovcL7OyeAk3zIaPVDNWVW2bhWKtInM0m2dpTOFVQIPkL\ngMRabuXDRTkjm5bn8xxQHX4RLNPbc/D3dEMdw8kED7rrlzGkazA7lfyXIVXHeHaf\n+AWs1rA8uL+w+dKOjRtVYqjK4JU+32kWn/W1mHcU+tN9TQiIoztN0Ynrt3Jd6qsG\nB08AAAEBAOmb2XkDDfwcA1pT7N/1FfBha2Bn+rR/BJB24UYAVJZZIAvBppl7HxmD\nhqNPs0fQRvyILHuRjj97wqVz53YyIjv6Jkkz/Jp2TncTKAKlvcBZ9nJNpuYTb+8b\nPXzaEgYzAXhjcJ/oaQrXiM5lXyZXsRJYO4ahp1oMcr6tDoq6g4KhGCg/I45Yo6ea\nEp+F1qXhQYa4XmOuaUOIzaLfeALA8s/kgeNiVsyK2jCJFXvgc/MLtMfcAAI11wZ2\ngjjLR/xhjMWJW7WJO+c88zdSCXtW5rsqPFOOXbrSyi0MgslR7DDUi9QJBC2awjCF\nbw8BHoCD6WMaVqamitoGdrCaXnaLwV0AAAAAAQID\n-----END OPENSSH PRIVATE KEY-----\n",
            "private_key_pem": "-----BEGIN RSA PRIVATE KEY-----\nMIIJKAIBAAKCAgEAvTRJ+zAoLxW1NYFDv/33ZOZubGCCqxb7riHVrlX6JrSclfKS\nG94Giu+7UKoRlE1sNYczhM6OTZjnAJ4jiCCSKZHYR5eMIZqdZbJ+cddTLJ1bZQmg\nwDAYZZtPI0oPr7qzKml5/K6zeyehEBSUDmaERhMxFS1fTBwlERYZ+B/WgzqE/0/V\nIFt6OUT0NH/WrENJLXbeBuPqfsdKHXMcyjVqjj/M1vFr6lEoLDpqCKAd1TqELkm8\nggeCyvdjHsxjjlJRohiMN5hETj3Yc2sLEoaJznM5sk84nEhme+paotQpi7Lt5VhR\n4d4o4vXEdaZJozcwD9+CwE/f6dT9msr0342G5SWS341Uy/HbNEGnFZ9isQLLaY3X\nBlOxiXmgWOdnHmdj6gII2wsriL1MAWpiARMDjr85Dv8scrttsXGUZUzK/mIy5UCL\naec+/RzFGR1NkYWTZSH76qwimQA2mUGdWku3K5GKq+US4g5vZloSS8iLPzKv94lc\nLYnHs9m2AmeKQZtwltnFuk4ayG1uSR5ymoJEJKmXNB925Gx3E/PDng3SD0eN4c/u\n4URce3sjlupVayb6qUjCaVmauHEUNCaez2XRIm7L8i0NF7uP+lMaBHlxDBxoepke\nfhZcd+VwfZ2mEVH8e4E7RE8/3CNrDQOjw9ltUd+7ibv7QJa744Xh1g6YNrMCAwEA\nAQKCAgAXvJ2jc9E2xwRq6AK17YjCEd68ngcGq+V7XSdPrd2qSXJzpXELKfmsKJNZ\ndVyrPGNc+89M1BUqSwqAG1bd1yg/Ktr1cF/WP22Luq7+XUNED6HNtT2DnwUQikGN\nbdc19rhPk9gICWrfAoPEXrCMdfQWToYT4BNamxVTZXBwnp3s7MSOu1dDrfZRhQMW\nKwulpPNjTsxgFOvwZ9Q2iaCNBdKOchaiyLr/NJtToSh4WI4lmCfJHtsVfRe9mvfG\nf2HmExHGwkmlF+dJ4ZxsLnu/IT3ctrwAUMwLX1HsLeSdFPz5V8NcyI3NRm/euXKi\nR/BpF51iAGqI8fxne58tclTyTvEjSxd0qOOPt974gd1Hm/GWYmoyXN0HnN/xto3f\ntwlPH2NllWbBY2TlkO3SgpGWLLkuKG3sfu1zFkVVccVtu2hRrJ/TKJ2x7Hz+579w\nhryAMkgVt7xdtO+zphLECeTTxxIXuau/LO0KHw+XGh2Udy9rnKNspN4qshSC5OIQ\n0Ywa2UuN2CRNq1GLVRKMCYC7zDIqSwJ/tgB1GkV9pZhWYoJtnDtFJdLOaySt9nNq\nQ4f4AEcIq/759pW34gK8v8V/gFdy71LanyDEEmKyWvrpZVHAqwI8+pDyKK0xNJ5o\nG5NqlmsmX5za/4xwZYFGzw+c2wxLDW+fbHz82BpSNUyTr5Dk8QKCAQEAz1beNu+F\nL4OF0QnBxi20WrGU17RG6GF0NNXT46CCbmMfX9GMbgGV27jt2BGYgqxvIOfniBcf\n5nqw3VlcfyprCLhpBGRc2rw/KETFQlpk5uebZzGNJtknBNOOMDed1h2j2OewEkh0\nhv77keGmjcec8froxmySwfh/5QPq+D6i9wvs7J4CTfMho9UM1ZVbZuFYq0iczSbZ\n2lM4VVAg+QuAxFpu5cNFOSOblufzHFAdfhEs09tz8Pd0Qx3DyQQPuuuXMaRrMDuV\n/JchVcd4dp/4BazWsDy4v7D50o6NG1ViqMrglT7faRaf9bWYdxT6031NCIijO03R\nieu3cl3qqwYHTwKCAQEA6ZvZeQMN/BwDWlPs3/UV8GFrYGf6tH8EkHbhRgBUllkg\nC8GmmXsfGYOGo0+zR9BG/Igse5GOP3vCpXPndjIiO/omSTP8mnZOdxMoAqW9wFn2\nck2m5hNv7xs9fNoSBjMBeGNwn+hpCteIzmVfJlexElg7hqGnWgxyvq0OirqDgqEY\nKD8jjlijp5oSn4XWpeFBhrheY65pQ4jNot94AsDyz+SB42JWzIraMIkVe+Bz8wu0\nx9wAAjXXBnaCOMtH/GGMxYlbtYk75zzzN1IJe1bmuyo8U45dutLKLQyCyVHsMNSL\n1AkELZrCMIVvDwEegIPpYxpWpqaK2gZ2sJpedovBXQKCAQEAj6qukTxIehLVT3JG\nTa7vsIQqEYj+NRkJ725Wwvw+RIT0gW1us+7vSu+KBtSya6FV42QtX3Q+i3JqSQYZ\nfJgE0GcPhZaRbJNR4/I7CO4fyoujd86y8r83NTXt6WUwPeQN20c3DoQcEkpuQLgt\ns0IkctucHZmv2y34WNTtJJQqUap2wcH+8MpOfforSXeTfOcajJzk4ZZRD+HoP90k\n68xXrjbHbvduaNhOgDM6llzBAtCd0jLW1JpyeesO9aOVzrxd6Gz4RNSU6hBCbfCo\nfPH9ZtlLbZS1o0Xa5VYXWmBA25qwIVoObf/aWOQ6wBDOeGrzTL149afHUJz/YQTI\njTbBKwKCAQBDC5ihs2+7EGsh7H5KVHPEdqEznQQF84Ji18uVpJiiQdgBp8VhvUVS\ntD3a9w/UJ4GIDqj9mevCaomVpKskcAUFQ6jjT4lK53Njl1rfT6Qi5W7mpUSmOaPh\ncub1wzxzDQZ5/8geDLzBANThr5RcU8SdKDeFTzXRkUsJUG+g/yCpSAS/4EcbHnNx\nsbVwlR/iocCForpsT20klcm22f3+hFPruIBSuzGAKMWwMle5ItUERzLOPWS/PaaF\n01NSa30wgOq+8sogUs+fcQ24rdHM1UcJJnkD3hMmgELIJRQQJXPtG8M5ypCpagYb\nmOAj5UVUywcbiz6dO6UUJ9C+pL9BtKB9AoIBAGVKrD8/KqzrbrsOnqfaiqX3o608\n7/unfh9Cdad49iCXqr6xgGvOBoe2NqyqJ0FFv0e4heRlzxzC3eSXKWgIqHFFo+H/\nLxkKrw0oSBaijV/EjwiF2O44zGAoGCkmLQgRUTE7QkKFA53Zjmd3a1jsjb8IRud4\nfhf0o6B11wSi8vYNc9+RVghA5Q9l7kPqD4fY+iYpTwWgzoXPbr3XCdxgNJAIGaiQ\ni3Tyf7UqugyV6Ozy2Hqn/2A694nvbONcHfzoT4Gjc14Mj8leEZliEDTpolscXUa6\nJSNyyFqHbKWr0PyiEaIGqIdpebO2o3jPEt/mk6Uj4pCQhw2PD1ro4ft0Cro=\n-----END RSA PRIVATE KEY-----\n",
            "private_key_pem_pkcs8": "-----BEGIN PRIVATE KEY-----\nMIIJQgIBADANBgkqhkiG9w0BAQEFAASCCSwwggkoAgEAAoICAQC9NEn7MCgvFbU1\ngUO//fdk5m5sYIKrFvuuIdWuVfomtJyV8pIb3gaK77tQqhGUTWw1hzOEzo5NmOcA\nniOIIJIpkdhHl4whmp1lsn5x11MsnVtlCaDAMBhlm08jSg+vurMqaXn8rrN7J6EQ\nFJQOZoRGEzEVLV9MHCURFhn4H9aDOoT/T9UgW3o5RPQ0f9asQ0ktdt4G4+p+x0od\ncxzKNWqOP8zW8WvqUSgsOmoIoB3VOoQuSbyCB4LK92MezGOOUlGiGIw3mEROPdhz\nawsShonOczmyTzicSGZ76lqi1CmLsu3lWFHh3iji9cR1pkmjNzAP34LAT9/p1P2a\nyvTfjYblJZLfjVTL8ds0QacVn2KxAstpjdcGU7GJeaBY52ceZ2PqAgjbCyuIvUwB\namIBEwOOvzkO/yxyu22xcZRlTMr+YjLlQItp5z79HMUZHU2RhZNlIfvqrCKZADaZ\nQZ1aS7crkYqr5RLiDm9mWhJLyIs/Mq/3iVwticez2bYCZ4pBm3CW2cW6ThrIbW5J\nHnKagkQkqZc0H3bkbHcT88OeDdIPR43hz+7hRFx7eyOW6lVrJvqpSMJpWZq4cRQ0\nJp7PZdEibsvyLQ0Xu4/6UxoEeXEMHGh6mR5+Flx35XB9naYRUfx7gTtETz/cI2sN\nA6PD2W1R37uJu/tAlrvjheHWDpg2swIDAQABAoICABe8naNz0TbHBGroArXtiMIR\n3ryeBwar5XtdJ0+t3apJcnOlcQsp+awok1l1XKs8Y1z7z0zUFSpLCoAbVt3XKD8q\n2vVwX9Y/bYu6rv5dQ0QPoc21PYOfBRCKQY1t1zX2uE+T2AgJat8Cg8ResIx19BZO\nhhPgE1qbFVNlcHCenezsxI67V0Ot9lGFAxYrC6Wk82NOzGAU6/Bn1DaJoI0F0o5y\nFqLIuv80m1OhKHhYjiWYJ8ke2xV9F72a98Z/YeYTEcbCSaUX50nhnGwue78hPdy2\nvABQzAtfUewt5J0U/PlXw1zIjc1Gb965cqJH8GkXnWIAaojx/Gd7ny1yVPJO8SNL\nF3So44+33viB3Ueb8ZZiajJc3Qec3/G2jd+3CU8fY2WVZsFjZOWQ7dKCkZYsuS4o\nbex+7XMWRVVxxW27aFGsn9MonbHsfP7nv3CGvIAySBW3vF2077OmEsQJ5NPHEhe5\nq78s7QofD5caHZR3L2uco2yk3iqyFILk4hDRjBrZS43YJE2rUYtVEowJgLvMMipL\nAn+2AHUaRX2lmFZigm2cO0Ul0s5rJK32c2pDh/gARwir/vn2lbfiAry/xX+AV3Lv\nUtqfIMQSYrJa+ullUcCrAjz6kPIorTE0nmgbk2qWayZfnNr/jHBlgUbPD5zbDEsN\nb59sfPzYGlI1TJOvkOTxAoIBAQDPVt4274Uvg4XRCcHGLbRasZTXtEboYXQ01dPj\noIJuYx9f0YxuAZXbuO3YEZiCrG8g5+eIFx/merDdWVx/KmsIuGkEZFzavD8oRMVC\nWmTm55tnMY0m2ScE044wN53WHaPY57ASSHSG/vuR4aaNx5zx+ujGbJLB+H/lA+r4\nPqL3C+zsngJN8yGj1QzVlVtm4VirSJzNJtnaUzhVUCD5C4DEWm7lw0U5I5uW5/Mc\nUB1+ESzT23Pw93RDHcPJBA+665cxpGswO5X8lyFVx3h2n/gFrNawPLi/sPnSjo0b\nVWKoyuCVPt9pFp/1tZh3FPrTfU0IiKM7TdGJ67dyXeqrBgdPAoIBAQDpm9l5Aw38\nHANaU+zf9RXwYWtgZ/q0fwSQduFGAFSWWSALwaaZex8Zg4ajT7NH0Eb8iCx7kY4/\ne8Klc+d2MiI7+iZJM/yadk53EygCpb3AWfZyTabmE2/vGz182hIGMwF4Y3Cf6GkK\n14jOZV8mV7ESWDuGoadaDHK+rQ6KuoOCoRgoPyOOWKOnmhKfhdal4UGGuF5jrmlD\niM2i33gCwPLP5IHjYlbMitowiRV74HPzC7TH3AACNdcGdoI4y0f8YYzFiVu1iTvn\nPPM3Ugl7Vua7KjxTjl260sotDILJUeww1IvUCQQtmsIwhW8PAR6Ag+ljGlampora\nBnawml52i8FdAoIBAQCPqq6RPEh6EtVPckZNru+whCoRiP41GQnvblbC/D5EhPSB\nbW6z7u9K74oG1LJroVXjZC1fdD6LcmpJBhl8mATQZw+FlpFsk1Hj8jsI7h/Ki6N3\nzrLyvzc1Ne3pZTA95A3bRzcOhBwSSm5AuC2zQiRy25wdma/bLfhY1O0klCpRqnbB\nwf7wyk59+itJd5N85xqMnOThllEP4eg/3STrzFeuNsdu925o2E6AMzqWXMEC0J3S\nMtbUmnJ56w71o5XOvF3obPhE1JTqEEJt8Kh88f1m2UttlLWjRdrlVhdaYEDbmrAh\nWg5t/9pY5DrAEM54avNMvXj1p8dQnP9hBMiNNsErAoIBAEMLmKGzb7sQayHsfkpU\nc8R2oTOdBAXzgmLXy5WkmKJB2AGnxWG9RVK0Pdr3D9QngYgOqP2Z68JqiZWkqyRw\nBQVDqONPiUrnc2OXWt9PpCLlbualRKY5o+Fy5vXDPHMNBnn/yB4MvMEA1OGvlFxT\nxJ0oN4VPNdGRSwlQb6D/IKlIBL/gRxsec3GxtXCVH+KhwIWiumxPbSSVybbZ/f6E\nU+u4gFK7MYAoxbAyV7ki1QRHMs49ZL89poXTU1JrfTCA6r7yyiBSz59xDbit0czV\nRwkmeQPeEyaAQsglFBAlc+0bwznKkKlqBhuY4CPlRVTLBxuLPp07pRQn0L6kv0G0\noH0CggEAZUqsPz8qrOtuuw6ep9qKpfejrTzv+6d+H0J1p3j2IJeqvrGAa84Gh7Y2\nrKonQUW/R7iF5GXPHMLd5JcpaAiocUWj4f8vGQqvDShIFqKNX8SPCIXY7jjMYCgY\nKSYtCBFRMTtCQoUDndmOZ3drWOyNvwhG53h+F/SjoHXXBKLy9g1z35FWCEDlD2Xu\nQ+oPh9j6JilPBaDOhc9uvdcJ3GA0kAgZqJCLdPJ/tSq6DJXo7PLYeqf/YDr3ie9s\n41wd/OhPgaNzXgyPyV4RmWIQNOmiWxxdRrolI3LIWodspavQ/KIRogaoh2l5s7aj\neM8S3+aTpSPikJCHDY8PWujh+3QKug==\n-----END PRIVATE KEY-----\n",
            "public_key_fingerprint_md5": "7c:8f:44:65:d2:14:c6:5a:40:40:ee:08:a4:0e:a1:8b",
            "public_key_fingerprint_sha256": "SHA256:M0TwnIE8XqNTpcx7A5GQ9QmhelTY+D0raXU+x0WxKYE",
            "public_key_openssh": "ssh-rsa AAAAB3NzaC1yc2EAAAADAQABAAACAQC9NEn7MCgvFbU1gUO//fdk5m5sYIKrFvuuIdWuVfomtJyV8pIb3gaK77tQqhGUTWw1hzOEzo5NmOcAniOIIJIpkdhHl4whmp1lsn5x11MsnVtlCaDAMBhlm08jSg+vurMqaXn8rrN7J6EQFJQOZoRGEzEVLV9MHCURFhn4H9aDOoT/T9UgW3o5RPQ0f9asQ0ktdt4G4+p+x0odcxzKNWqOP8zW8WvqUSgsOmoIoB3VOoQuSbyCB4LK92MezGOOUlGiGIw3mEROPdhzawsShonOczmyTzicSGZ76lqi1CmLsu3lWFHh3iji9cR1pkmjNzAP34LAT9/p1P2ayvTfjYblJZLfjVTL8ds0QacVn2KxAstpjdcGU7GJeaBY52ceZ2PqAgjbCyuIvUwBamIBEwOOvzkO/yxyu22xcZRlTMr+YjLlQItp5z79HMUZHU2RhZNlIfvqrCKZADaZQZ1aS7crkYqr5RLiDm9mWhJLyIs/Mq/3iVwticez2bYCZ4pBm3CW2cW6ThrIbW5JHnKagkQkqZc0H3bkbHcT88OeDdIPR43hz+7hRFx7eyOW6lVrJvqpSMJpWZq4cRQ0Jp7PZdEibsvyLQ0Xu4/6UxoEeXEMHGh6mR5+Flx35XB9naYRUfx7gTtETz/cI2sNA6PD2W1R37uJu/tAlrvjheHWDpg2sw==\n",
            "public_key_pem": "-----BEGIN PUBLIC KEY-----\nMIICIjANBgkqhkiG9w0BAQEFAAOCAg8AMIICCgKCAgEAvTRJ+zAoLxW1NYFDv/33\nZOZubGCCqxb7riHVrlX6JrSclfKSG94Giu+7UKoRlE1sNYczhM6OTZjnAJ4jiCCS\nKZHYR5eMIZqdZbJ+cddTLJ1bZQmgwDAYZZtPI0oPr7qzKml5/K6zeyehEBSUDmaE\nRhMxFS1fTBwlERYZ+B/WgzqE/0/VIFt6OUT0NH/WrENJLXbeBuPqfsdKHXMcyjVq\njj/M1vFr6lEoLDpqCKAd1TqELkm8ggeCyvdjHsxjjlJRohiMN5hETj3Yc2sLEoaJ\nznM5sk84nEhme+paotQpi7Lt5VhR4d4o4vXEdaZJozcwD9+CwE/f6dT9msr0342G\n5SWS341Uy/HbNEGnFZ9isQLLaY3XBlOxiXmgWOdnHmdj6gII2wsriL1MAWpiARMD\njr85Dv8scrttsXGUZUzK/mIy5UCLaec+/RzFGR1NkYWTZSH76qwimQA2mUGdWku3\nK5GKq+US4g5vZloSS8iLPzKv94lcLYnHs9m2AmeKQZtwltnFuk4ayG1uSR5ymoJE\nJKmXNB925Gx3E/PDng3SD0eN4c/u4URce3sjlupVayb6qUjCaVmauHEUNCaez2XR\nIm7L8i0NF7uP+lMaBHlxDBxoepkefhZcd+VwfZ2mEVH8e4E7RE8/3CNrDQOjw9lt\nUd+7ibv7QJa744Xh1g6YNrMCAwEAAQ==\n-----END PUBLIC KEY-----\n",
            "rsa_bits": 4096
          },
          "sensitive_attributes": []
        }
      ]
    },
    {
      "module": "module.ec2_instance[\"0\"]",
      "mode": "data",
      "type": "aws_partition",
      "name": "current",
      "provider": "provider[\"registry.terraform.io/hashicorp/aws\"]",
      "instances": [
        {
          "schema_version": 0,
          "attributes": {
            "dns_suffix": "amazonaws.com",
            "id": "aws",
            "partition": "aws",
            "reverse_dns_prefix": "com.amazonaws"
          },
          "sensitive_attributes": []
        }
      ]
    },
    {
      "module": "module.ec2_instance[\"0\"]",
      "mode": "data",
      "type": "aws_ssm_parameter",
      "name": "this",
      "provider": "provider[\"registry.terraform.io/hashicorp/aws\"]",
      "instances": [
        {
          "index_key": 0,
          "schema_version": 0,
          "attributes": {
            "arn": "arn:aws:ssm:us-east-2::parameter/aws/service/ami-amazon-linux-latest/amzn2-ami-hvm-x86_64-gp2",
            "id": "/aws/service/ami-amazon-linux-latest/amzn2-ami-hvm-x86_64-gp2",
            "name": "/aws/service/ami-amazon-linux-latest/amzn2-ami-hvm-x86_64-gp2",
            "type": "String",
            "value": "ami-092dd7fbe242fe07b",
            "version": 86,
            "with_decryption": true
          },
          "sensitive_attributes": []
        }
      ]
    },
    {
      "module": "module.ec2_instance[\"0\"]",
      "mode": "managed",
      "type": "aws_instance",
      "name": "this",
      "provider": "provider[\"registry.terraform.io/hashicorp/aws\"]",
      "instances": [
        {
          "index_key": 0,
          "schema_version": 1,
          "attributes": {
            "ami": "ami-0a695f0d95cefc163",
            "arn": "arn:aws:ec2:us-east-2:062894342784:instance/i-032b0c1c42c954b73",
            "associate_public_ip_address": true,
            "availability_zone": "us-east-2a",
            "capacity_reservation_specification": [
              {
                "capacity_reservation_preference": "open",
                "capacity_reservation_target": []
              }
            ],
            "cpu_core_count": 1,
            "cpu_options": [
              {
                "amd_sev_snp": "",
                "core_count": 1,
                "threads_per_core": 1
              }
            ],
            "cpu_threads_per_core": 1,
            "credit_specification": [
              {
                "cpu_credits": "standard"
              }
            ],
            "disable_api_stop": false,
            "disable_api_termination": false,
            "ebs_block_device": [],
            "ebs_optimized": false,
            "enclave_options": [
              {
                "enabled": false
              }
            ],
            "ephemeral_block_device": [],
            "get_password_data": false,
            "hibernation": false,
            "host_id": "",
            "host_resource_group_arn": null,
            "iam_instance_profile": "",
            "id": "i-032b0c1c42c954b73",
            "instance_initiated_shutdown_behavior": "stop",
            "instance_state": "running",
            "instance_type": "t2.micro",
            "ipv6_address_count": 0,
            "ipv6_addresses": [],
            "key_name": "kops-key",
            "launch_template": [],
            "maintenance_options": [
              {
                "auto_recovery": "default"
              }
            ],
            "metadata_options": [
              {
                "http_endpoint": "enabled",
                "http_put_response_hop_limit": 1,
                "http_tokens": "optional",
                "instance_metadata_tags": "disabled"
              }
            ],
            "monitoring": true,
            "network_interface": [],
            "outpost_arn": "",
            "password_data": "",
            "placement_group": "",
            "placement_partition_number": 0,
            "primary_network_interface_id": "eni-04f615e4a01a1c925",
            "private_dns": "ip-172-22-1-243.us-east-2.compute.internal",
            "private_dns_name_options": [
              {
                "enable_resource_name_dns_a_record": false,
                "enable_resource_name_dns_aaaa_record": false,
                "hostname_type": "ip-name"
              }
            ],
            "private_ip": "172.22.1.243",
            "public_dns": "ec2-3-128-171-166.us-east-2.compute.amazonaws.com",
            "public_ip": "3.128.171.166",
            "root_block_device": [
              {
                "delete_on_termination": true,
                "device_name": "/dev/sda1",
                "encrypted": false,
                "iops": 100,
                "kms_key_id": "",
                "tags": {},
                "throughput": 0,
                "volume_id": "vol-019f6e2236a8268e2",
                "volume_size": 8,
                "volume_type": "gp2"
              }
            ],
            "secondary_private_ips": [],
            "security_groups": [],
            "source_dest_check": true,
            "subnet_id": "subnet-0c7002dfa5b2af2b8",
            "tags": {
              "Environment": "dev",
              "Name": "0",
              "Role": "Kops",
              "Terraform": "true"
            },
            "tags_all": {
              "Environment": "dev",
              "Name": "0",
              "Role": "Kops",
              "Terraform": "true"
            },
            "tenancy": "default",
            "timeouts": {
              "create": null,
              "delete": null,
              "update": null
            },
            "user_data": "00fb590d03435f7f8328f68d6fa181e92f633b71",
            "user_data_base64": null,
            "user_data_replace_on_change": false,
            "volume_tags": {
              "Name": "0"
            },
            "vpc_security_group_ids": [
              "sg-0f3188747aae33661"
            ]
          },
          "sensitive_attributes": [],
          "private": "eyJlMmJmYjczMC1lY2FhLTExZTYtOGY4OC0zNDM2M2JjN2M0YzAiOnsiY3JlYXRlIjo2MDAwMDAwMDAwMDAsImRlbGV0ZSI6MTIwMDAwMDAwMDAwMCwidXBkYXRlIjo2MDAwMDAwMDAwMDB9LCJzY2hlbWFfdmVyc2lvbiI6IjEifQ==",
          "dependencies": [
            "aws_key_pair.kops",
            "module.ec2_instance.aws_iam_instance_profile.this",
            "module.ec2_instance.data.aws_ssm_parameter.this",
            "module.vote_service_sg.aws_security_group.this",
            "module.vote_service_sg.aws_security_group.this_name_prefix",
            "module.vpc.aws_subnet.public",
            "module.vpc.aws_vpc.this",
            "module.vpc.aws_vpc_ipv4_cidr_block_association.this",
            "tls_private_key.kops"
          ]
        }
      ]
    },
    {
      "module": "module.vote_service_sg",
      "mode": "managed",
      "type": "aws_security_group",
      "name": "this_name_prefix",
      "provider": "provider[\"registry.terraform.io/hashicorp/aws\"]",
      "instances": [
        {
          "index_key": 0,
          "schema_version": 1,
          "attributes": {
            "arn": "arn:aws:ec2:us-east-2:062894342784:security-group/sg-0f3188747aae33661",
            "description": "Security group for webpress-instances,bastion",
            "egress": [],
            "id": "sg-0f3188747aae33661",
            "ingress": [],
            "name": "kops-instances-sg-20230530120726273200000002",
            "name_prefix": "kops-instances-sg-",
            "owner_id": "062894342784",
            "revoke_rules_on_delete": false,
            "tags": {
              "Name": "kops-instances-sg"
            },
            "tags_all": {
              "Name": "kops-instances-sg"
            },
            "timeouts": {
              "create": "10m",
              "delete": "15m"
            },
            "vpc_id": "vpc-03daef25b7778b3a8"
          },
          "sensitive_attributes": [],
          "private": "eyJlMmJmYjczMC1lY2FhLTExZTYtOGY4OC0zNDM2M2JjN2M0YzAiOnsiY3JlYXRlIjo2MDAwMDAwMDAwMDAsImRlbGV0ZSI6OTAwMDAwMDAwMDAwfSwic2NoZW1hX3ZlcnNpb24iOiIxIn0=",
          "dependencies": [
            "module.vpc.aws_vpc.this"
          ],
          "create_before_destroy": true
        }
      ]
    },
    {
      "module": "module.vote_service_sg",
      "mode": "managed",
      "type": "aws_security_group_rule",
      "name": "egress_with_cidr_blocks",
      "provider": "provider[\"registry.terraform.io/hashicorp/aws\"]",
      "instances": [
        {
          "index_key": 0,
          "schema_version": 2,
          "attributes": {
            "cidr_blocks": [
              "0.0.0.0/0"
            ],
            "description": "Allow all outbound traffic",
            "from_port": 0,
            "id": "sgrule-2106447431",
            "ipv6_cidr_blocks": null,
            "prefix_list_ids": [],
            "protocol": "-1",
            "security_group_id": "sg-0f3188747aae33661",
            "security_group_rule_id": "sgr-02c3d0efa11cf2482",
            "self": false,
            "source_security_group_id": null,
            "timeouts": null,
            "to_port": 0,
            "type": "egress"
          },
          "sensitive_attributes": [],
          "private": "eyJlMmJmYjczMC1lY2FhLTExZTYtOGY4OC0zNDM2M2JjN2M0YzAiOnsiY3JlYXRlIjozMDAwMDAwMDAwMDB9LCJzY2hlbWFfdmVyc2lvbiI6IjIifQ==",
          "dependencies": [
            "module.vote_service_sg.aws_security_group.this",
            "module.vote_service_sg.aws_security_group.this_name_prefix",
            "module.vpc.aws_vpc.this"
          ]
        }
      ]
    },
    {
      "module": "module.vote_service_sg",
      "mode": "managed",
      "type": "aws_security_group_rule",
      "name": "ingress_with_cidr_blocks",
      "provider": "provider[\"registry.terraform.io/hashicorp/aws\"]",
      "instances": [
        {
          "index_key": 0,
          "schema_version": 2,
          "attributes": {
            "cidr_blocks": [
              "0.0.0.0/0"
            ],
            "description": "SSH",
            "from_port": 22,
            "id": "sgrule-91146109",
            "ipv6_cidr_blocks": null,
            "prefix_list_ids": [],
            "protocol": "tcp",
            "security_group_id": "sg-0f3188747aae33661",
            "security_group_rule_id": "sgr-0a1700f5759885c5e",
            "self": false,
            "source_security_group_id": null,
            "timeouts": null,
            "to_port": 22,
            "type": "ingress"
          },
          "sensitive_attributes": [],
          "private": "eyJlMmJmYjczMC1lY2FhLTExZTYtOGY4OC0zNDM2M2JjN2M0YzAiOnsiY3JlYXRlIjozMDAwMDAwMDAwMDB9LCJzY2hlbWFfdmVyc2lvbiI6IjIifQ==",
          "dependencies": [
            "module.vote_service_sg.aws_security_group.this",
            "module.vote_service_sg.aws_security_group.this_name_prefix",
            "module.vpc.aws_vpc.this"
          ]
        }
      ]
    },
    {
      "module": "module.vpc",
      "mode": "managed",
      "type": "aws_default_network_acl",
      "name": "this",
      "provider": "provider[\"registry.terraform.io/hashicorp/aws\"]",
      "instances": [
        {
          "index_key": 0,
          "schema_version": 0,
          "attributes": {
            "arn": "arn:aws:ec2:us-east-2:062894342784:network-acl/acl-0e1527851a20ddfb5",
            "default_network_acl_id": "acl-0e1527851a20ddfb5",
            "egress": [
              {
                "action": "allow",
                "cidr_block": "",
                "from_port": 0,
                "icmp_code": null,
                "icmp_type": null,
                "ipv6_cidr_block": "::/0",
                "protocol": "-1",
                "rule_no": 101,
                "to_port": 0
              },
              {
                "action": "allow",
                "cidr_block": "0.0.0.0/0",
                "from_port": 0,
                "icmp_code": null,
                "icmp_type": null,
                "ipv6_cidr_block": "",
                "protocol": "-1",
                "rule_no": 100,
                "to_port": 0
              }
            ],
            "id": "acl-0e1527851a20ddfb5",
            "ingress": [
              {
                "action": "allow",
                "cidr_block": "",
                "from_port": 0,
                "icmp_code": null,
                "icmp_type": null,
                "ipv6_cidr_block": "::/0",
                "protocol": "-1",
                "rule_no": 101,
                "to_port": 0
              },
              {
                "action": "allow",
                "cidr_block": "0.0.0.0/0",
                "from_port": 0,
                "icmp_code": null,
                "icmp_type": null,
                "ipv6_cidr_block": "",
                "protocol": "-1",
                "rule_no": 100,
                "to_port": 0
              }
            ],
            "owner_id": "062894342784",
            "subnet_ids": [
              "subnet-002c8e542242f18d8",
              "subnet-05bfa00c0f0777a54",
              "subnet-062c60604bcff25a5",
              "subnet-07f150c6155c7bc19",
              "subnet-0c7002dfa5b2af2b8",
              "subnet-0e6bc70017cd3640f"
            ],
            "tags": {
              "Environment": "dev",
              "Name": "dev-vpc",
              "Terraform": "true"
            },
            "tags_all": {
              "Environment": "dev",
              "Name": "dev-vpc",
              "Terraform": "true"
            },
            "vpc_id": "vpc-03daef25b7778b3a8"
          },
          "sensitive_attributes": [],
          "private": "bnVsbA==",
          "dependencies": [
            "module.vpc.aws_vpc.this"
          ]
        }
      ]
    },
    {
      "module": "module.vpc",
      "mode": "managed",
      "type": "aws_default_route_table",
      "name": "default",
      "provider": "provider[\"registry.terraform.io/hashicorp/aws\"]",
      "instances": [
        {
          "index_key": 0,
          "schema_version": 0,
          "attributes": {
            "arn": "arn:aws:ec2:us-east-2:062894342784:route-table/rtb-0960610da350239c4",
            "default_route_table_id": "rtb-0960610da350239c4",
            "id": "rtb-0960610da350239c4",
            "owner_id": "062894342784",
            "propagating_vgws": null,
            "route": [],
            "tags": {
              "Environment": "dev",
              "Name": "dev-vpc",
              "Terraform": "true"
            },
            "tags_all": {
              "Environment": "dev",
              "Name": "dev-vpc",
              "Terraform": "true"
            },
            "timeouts": {
              "create": "5m",
              "update": "5m"
            },
            "vpc_id": "vpc-03daef25b7778b3a8"
          },
          "sensitive_attributes": [],
          "private": "eyJlMmJmYjczMC1lY2FhLTExZTYtOGY4OC0zNDM2M2JjN2M0YzAiOnsiY3JlYXRlIjozMDAwMDAwMDAwMDAsInVwZGF0ZSI6MzAwMDAwMDAwMDAwfX0=",
          "dependencies": [
            "module.vpc.aws_vpc.this"
          ]
        }
      ]
    },
    {
      "module": "module.vpc",
      "mode": "managed",
      "type": "aws_default_security_group",
      "name": "this",
      "provider": "provider[\"registry.terraform.io/hashicorp/aws\"]",
      "instances": [
        {
          "index_key": 0,
          "schema_version": 1,
          "attributes": {
            "arn": "arn:aws:ec2:us-east-2:062894342784:security-group/sg-0b7cbd8eff6c14723",
            "description": "default VPC security group",
            "egress": [],
            "id": "sg-0b7cbd8eff6c14723",
            "ingress": [],
            "name": "default",
            "name_prefix": "",
            "owner_id": "062894342784",
            "revoke_rules_on_delete": false,
            "tags": {
              "Environment": "dev",
              "Name": "dev-vpc",
              "Terraform": "true"
            },
            "tags_all": {
              "Environment": "dev",
              "Name": "dev-vpc",
              "Terraform": "true"
            },
            "vpc_id": "vpc-03daef25b7778b3a8"
          },
          "sensitive_attributes": [],
          "private": "eyJzY2hlbWFfdmVyc2lvbiI6IjEifQ==",
          "dependencies": [
            "module.vpc.aws_vpc.this"
          ]
        }
      ]
    },
    {
      "module": "module.vpc",
      "mode": "managed",
      "type": "aws_internet_gateway",
      "name": "this",
      "provider": "provider[\"registry.terraform.io/hashicorp/aws\"]",
      "instances": [
        {
          "index_key": 0,
          "schema_version": 0,
          "attributes": {
            "arn": "arn:aws:ec2:us-east-2:062894342784:internet-gateway/igw-06489225dcd2e0cd3",
            "id": "igw-06489225dcd2e0cd3",
            "owner_id": "062894342784",
            "tags": {
              "Environment": "dev",
              "Name": "dev-vpc",
              "Terraform": "true"
            },
            "tags_all": {
              "Environment": "dev",
              "Name": "dev-vpc",
              "Terraform": "true"
            },
            "timeouts": null,
            "vpc_id": "vpc-03daef25b7778b3a8"
          },
          "sensitive_attributes": [],
          "private": "eyJlMmJmYjczMC1lY2FhLTExZTYtOGY4OC0zNDM2M2JjN2M0YzAiOnsiY3JlYXRlIjoxMjAwMDAwMDAwMDAwLCJkZWxldGUiOjEyMDAwMDAwMDAwMDAsInVwZGF0ZSI6MTIwMDAwMDAwMDAwMH19",
          "dependencies": [
            "module.vpc.aws_vpc.this",
            "module.vpc.aws_vpc_ipv4_cidr_block_association.this"
          ]
        }
      ]
    },
    {
      "module": "module.vpc",
      "mode": "managed",
      "type": "aws_route",
      "name": "public_internet_gateway",
      "provider": "provider[\"registry.terraform.io/hashicorp/aws\"]",
      "instances": [
        {
          "index_key": 0,
          "schema_version": 0,
          "attributes": {
            "carrier_gateway_id": "",
            "core_network_arn": "",
            "destination_cidr_block": "0.0.0.0/0",
            "destination_ipv6_cidr_block": "",
            "destination_prefix_list_id": "",
            "egress_only_gateway_id": "",
            "gateway_id": "igw-06489225dcd2e0cd3",
            "id": "r-rtb-0827c1b4b1ed0a9c91080289494",
            "instance_id": "",
            "instance_owner_id": "",
            "local_gateway_id": "",
            "nat_gateway_id": "",
            "network_interface_id": "",
            "origin": "CreateRoute",
            "route_table_id": "rtb-0827c1b4b1ed0a9c9",
            "state": "active",
            "timeouts": {
              "create": "5m",
              "delete": null,
              "update": null
            },
            "transit_gateway_id": "",
            "vpc_endpoint_id": "",
            "vpc_peering_connection_id": ""
          },
          "sensitive_attributes": [],
          "private": "eyJlMmJmYjczMC1lY2FhLTExZTYtOGY4OC0zNDM2M2JjN2M0YzAiOnsiY3JlYXRlIjozMDAwMDAwMDAwMDAsImRlbGV0ZSI6MzAwMDAwMDAwMDAwLCJ1cGRhdGUiOjEyMDAwMDAwMDAwMH19",
          "dependencies": [
            "module.vpc.aws_internet_gateway.this",
            "module.vpc.aws_route_table.public",
            "module.vpc.aws_vpc.this",
            "module.vpc.aws_vpc_ipv4_cidr_block_association.this"
          ]
        }
      ]
    },
    {
      "module": "module.vpc",
      "mode": "managed",
      "type": "aws_route_table",
      "name": "private",
      "provider": "provider[\"registry.terraform.io/hashicorp/aws\"]",
      "instances": [
        {
          "index_key": 0,
          "schema_version": 0,
          "attributes": {
            "arn": "arn:aws:ec2:us-east-2:062894342784:route-table/rtb-0d6a53506e93783bc",
            "id": "rtb-0d6a53506e93783bc",
            "owner_id": "062894342784",
            "propagating_vgws": [],
            "route": [],
            "tags": {
              "Environment": "dev",
              "Name": "dev-vpc",
              "Terraform": "true"
            },
            "tags_all": {
              "Environment": "dev",
              "Name": "dev-vpc",
              "Terraform": "true"
            },
            "timeouts": null,
            "vpc_id": "vpc-03daef25b7778b3a8"
          },
          "sensitive_attributes": [],
          "private": "eyJlMmJmYjczMC1lY2FhLTExZTYtOGY4OC0zNDM2M2JjN2M0YzAiOnsiY3JlYXRlIjozMDAwMDAwMDAwMDAsImRlbGV0ZSI6MzAwMDAwMDAwMDAwLCJ1cGRhdGUiOjEyMDAwMDAwMDAwMH19",
          "dependencies": [
            "module.vpc.aws_vpc.this",
            "module.vpc.aws_vpc_ipv4_cidr_block_association.this"
          ]
        }
      ]
    },
    {
      "module": "module.vpc",
      "mode": "managed",
      "type": "aws_route_table",
      "name": "public",
      "provider": "provider[\"registry.terraform.io/hashicorp/aws\"]",
      "instances": [
        {
          "index_key": 0,
          "schema_version": 0,
          "attributes": {
            "arn": "arn:aws:ec2:us-east-2:062894342784:route-table/rtb-0827c1b4b1ed0a9c9",
            "id": "rtb-0827c1b4b1ed0a9c9",
            "owner_id": "062894342784",
            "propagating_vgws": [],
            "route": [],
            "tags": {
              "Environment": "dev",
              "Name": "dev-vpc",
              "Terraform": "true"
            },
            "tags_all": {
              "Environment": "dev",
              "Name": "dev-vpc",
              "Terraform": "true"
            },
            "timeouts": null,
            "vpc_id": "vpc-03daef25b7778b3a8"
          },
          "sensitive_attributes": [],
          "private": "eyJlMmJmYjczMC1lY2FhLTExZTYtOGY4OC0zNDM2M2JjN2M0YzAiOnsiY3JlYXRlIjozMDAwMDAwMDAwMDAsImRlbGV0ZSI6MzAwMDAwMDAwMDAwLCJ1cGRhdGUiOjEyMDAwMDAwMDAwMH19",
          "dependencies": [
            "module.vpc.aws_vpc.this",
            "module.vpc.aws_vpc_ipv4_cidr_block_association.this"
          ]
        }
      ]
    },
    {
      "module": "module.vpc",
      "mode": "managed",
      "type": "aws_route_table_association",
      "name": "private",
      "provider": "provider[\"registry.terraform.io/hashicorp/aws\"]",
      "instances": [
        {
          "index_key": 0,
          "schema_version": 0,
          "attributes": {
            "gateway_id": "",
            "id": "rtbassoc-0fb540614f5e0b269",
            "route_table_id": "rtb-0d6a53506e93783bc",
            "subnet_id": "subnet-002c8e542242f18d8",
            "timeouts": null
          },
          "sensitive_attributes": [],
          "private": "eyJlMmJmYjczMC1lY2FhLTExZTYtOGY4OC0zNDM2M2JjN2M0YzAiOnsiY3JlYXRlIjozMDAwMDAwMDAwMDAsImRlbGV0ZSI6MzAwMDAwMDAwMDAwLCJ1cGRhdGUiOjEyMDAwMDAwMDAwMH19",
          "dependencies": [
            "module.vpc.aws_route_table.private",
            "module.vpc.aws_subnet.private",
            "module.vpc.aws_vpc.this",
            "module.vpc.aws_vpc_ipv4_cidr_block_association.this"
          ]
        },
        {
          "index_key": 1,
          "schema_version": 0,
          "attributes": {
            "gateway_id": "",
            "id": "rtbassoc-09e02a37add74308b",
            "route_table_id": "rtb-0d6a53506e93783bc",
            "subnet_id": "subnet-05bfa00c0f0777a54",
            "timeouts": null
          },
          "sensitive_attributes": [],
          "private": "eyJlMmJmYjczMC1lY2FhLTExZTYtOGY4OC0zNDM2M2JjN2M0YzAiOnsiY3JlYXRlIjozMDAwMDAwMDAwMDAsImRlbGV0ZSI6MzAwMDAwMDAwMDAwLCJ1cGRhdGUiOjEyMDAwMDAwMDAwMH19",
          "dependencies": [
            "module.vpc.aws_route_table.private",
            "module.vpc.aws_subnet.private",
            "module.vpc.aws_vpc.this",
            "module.vpc.aws_vpc_ipv4_cidr_block_association.this"
          ]
        },
        {
          "index_key": 2,
          "schema_version": 0,
          "attributes": {
            "gateway_id": "",
            "id": "rtbassoc-0c0fcdb01363dc219",
            "route_table_id": "rtb-0d6a53506e93783bc",
            "subnet_id": "subnet-07f150c6155c7bc19",
            "timeouts": null
          },
          "sensitive_attributes": [],
          "private": "eyJlMmJmYjczMC1lY2FhLTExZTYtOGY4OC0zNDM2M2JjN2M0YzAiOnsiY3JlYXRlIjozMDAwMDAwMDAwMDAsImRlbGV0ZSI6MzAwMDAwMDAwMDAwLCJ1cGRhdGUiOjEyMDAwMDAwMDAwMH19",
          "dependencies": [
            "module.vpc.aws_route_table.private",
            "module.vpc.aws_subnet.private",
            "module.vpc.aws_vpc.this",
            "module.vpc.aws_vpc_ipv4_cidr_block_association.this"
          ]
        }
      ]
    },
    {
      "module": "module.vpc",
      "mode": "managed",
      "type": "aws_route_table_association",
      "name": "public",
      "provider": "provider[\"registry.terraform.io/hashicorp/aws\"]",
      "instances": [
        {
          "index_key": 0,
          "schema_version": 0,
          "attributes": {
            "gateway_id": "",
            "id": "rtbassoc-070bad8486c4d1ce5",
            "route_table_id": "rtb-0827c1b4b1ed0a9c9",
            "subnet_id": "subnet-0c7002dfa5b2af2b8",
            "timeouts": null
          },
          "sensitive_attributes": [],
          "private": "eyJlMmJmYjczMC1lY2FhLTExZTYtOGY4OC0zNDM2M2JjN2M0YzAiOnsiY3JlYXRlIjozMDAwMDAwMDAwMDAsImRlbGV0ZSI6MzAwMDAwMDAwMDAwLCJ1cGRhdGUiOjEyMDAwMDAwMDAwMH19",
          "dependencies": [
            "module.vpc.aws_route_table.public",
            "module.vpc.aws_subnet.public",
            "module.vpc.aws_vpc.this",
            "module.vpc.aws_vpc_ipv4_cidr_block_association.this"
          ]
        },
        {
          "index_key": 1,
          "schema_version": 0,
          "attributes": {
            "gateway_id": "",
            "id": "rtbassoc-093d5bb883640c73f",
            "route_table_id": "rtb-0827c1b4b1ed0a9c9",
            "subnet_id": "subnet-062c60604bcff25a5",
            "timeouts": null
          },
          "sensitive_attributes": [],
          "private": "eyJlMmJmYjczMC1lY2FhLTExZTYtOGY4OC0zNDM2M2JjN2M0YzAiOnsiY3JlYXRlIjozMDAwMDAwMDAwMDAsImRlbGV0ZSI6MzAwMDAwMDAwMDAwLCJ1cGRhdGUiOjEyMDAwMDAwMDAwMH19",
          "dependencies": [
            "module.vpc.aws_route_table.public",
            "module.vpc.aws_subnet.public",
            "module.vpc.aws_vpc.this",
            "module.vpc.aws_vpc_ipv4_cidr_block_association.this"
          ]
        },
        {
          "index_key": 2,
          "schema_version": 0,
          "attributes": {
            "gateway_id": "",
            "id": "rtbassoc-061b6633d862883cc",
            "route_table_id": "rtb-0827c1b4b1ed0a9c9",
            "subnet_id": "subnet-0e6bc70017cd3640f",
            "timeouts": null
          },
          "sensitive_attributes": [],
          "private": "eyJlMmJmYjczMC1lY2FhLTExZTYtOGY4OC0zNDM2M2JjN2M0YzAiOnsiY3JlYXRlIjozMDAwMDAwMDAwMDAsImRlbGV0ZSI6MzAwMDAwMDAwMDAwLCJ1cGRhdGUiOjEyMDAwMDAwMDAwMH19",
          "dependencies": [
            "module.vpc.aws_route_table.public",
            "module.vpc.aws_subnet.public",
            "module.vpc.aws_vpc.this",
            "module.vpc.aws_vpc_ipv4_cidr_block_association.this"
          ]
        }
      ]
    },
    {
      "module": "module.vpc",
      "mode": "managed",
      "type": "aws_subnet",
      "name": "private",
      "provider": "provider[\"registry.terraform.io/hashicorp/aws\"]",
      "instances": [
        {
          "index_key": 0,
          "schema_version": 1,
          "attributes": {
            "arn": "arn:aws:ec2:us-east-2:062894342784:subnet/subnet-002c8e542242f18d8",
            "assign_ipv6_address_on_creation": false,
            "availability_zone": "us-east-2a",
            "availability_zone_id": "use2-az1",
            "cidr_block": "172.22.4.0/24",
            "customer_owned_ipv4_pool": "",
            "enable_dns64": false,
            "enable_lni_at_device_index": 0,
            "enable_resource_name_dns_a_record_on_launch": false,
            "enable_resource_name_dns_aaaa_record_on_launch": false,
            "id": "subnet-002c8e542242f18d8",
            "ipv6_cidr_block": "",
            "ipv6_cidr_block_association_id": "",
            "ipv6_native": false,
            "map_customer_owned_ip_on_launch": false,
            "map_public_ip_on_launch": false,
            "outpost_arn": "",
            "owner_id": "062894342784",
            "private_dns_hostname_type_on_launch": "ip-name",
            "tags": {
              "Environment": "dev",
              "Name": "dev-vpc",
              "Name-1": "dev-prisubnet-1",
              "Name-2": "dev-prisubnet-2",
              "Name-3": "dev-prisubnet-3",
              "Terraform": "true"
            },
            "tags_all": {
              "Environment": "dev",
              "Name": "dev-vpc",
              "Name-1": "dev-prisubnet-1",
              "Name-2": "dev-prisubnet-2",
              "Name-3": "dev-prisubnet-3",
              "Terraform": "true"
            },
            "timeouts": null,
            "vpc_id": "vpc-03daef25b7778b3a8"
          },
          "sensitive_attributes": [],
          "private": "eyJlMmJmYjczMC1lY2FhLTExZTYtOGY4OC0zNDM2M2JjN2M0YzAiOnsiY3JlYXRlIjo2MDAwMDAwMDAwMDAsImRlbGV0ZSI6MTIwMDAwMDAwMDAwMH0sInNjaGVtYV92ZXJzaW9uIjoiMSJ9",
          "dependencies": [
            "module.vpc.aws_vpc.this",
            "module.vpc.aws_vpc_ipv4_cidr_block_association.this"
          ]
        },
        {
          "index_key": 1,
          "schema_version": 1,
          "attributes": {
            "arn": "arn:aws:ec2:us-east-2:062894342784:subnet/subnet-05bfa00c0f0777a54",
            "assign_ipv6_address_on_creation": false,
            "availability_zone": "us-east-2b",
            "availability_zone_id": "use2-az2",
            "cidr_block": "172.22.5.0/24",
            "customer_owned_ipv4_pool": "",
            "enable_dns64": false,
            "enable_lni_at_device_index": 0,
            "enable_resource_name_dns_a_record_on_launch": false,
            "enable_resource_name_dns_aaaa_record_on_launch": false,
            "id": "subnet-05bfa00c0f0777a54",
            "ipv6_cidr_block": "",
            "ipv6_cidr_block_association_id": "",
            "ipv6_native": false,
            "map_customer_owned_ip_on_launch": false,
            "map_public_ip_on_launch": false,
            "outpost_arn": "",
            "owner_id": "062894342784",
            "private_dns_hostname_type_on_launch": "ip-name",
            "tags": {
              "Environment": "dev",
              "Name": "dev-vpc",
              "Name-1": "dev-prisubnet-1",
              "Name-2": "dev-prisubnet-2",
              "Name-3": "dev-prisubnet-3",
              "Terraform": "true"
            },
            "tags_all": {
              "Environment": "dev",
              "Name": "dev-vpc",
              "Name-1": "dev-prisubnet-1",
              "Name-2": "dev-prisubnet-2",
              "Name-3": "dev-prisubnet-3",
              "Terraform": "true"
            },
            "timeouts": null,
            "vpc_id": "vpc-03daef25b7778b3a8"
          },
          "sensitive_attributes": [],
          "private": "eyJlMmJmYjczMC1lY2FhLTExZTYtOGY4OC0zNDM2M2JjN2M0YzAiOnsiY3JlYXRlIjo2MDAwMDAwMDAwMDAsImRlbGV0ZSI6MTIwMDAwMDAwMDAwMH0sInNjaGVtYV92ZXJzaW9uIjoiMSJ9",
          "dependencies": [
            "module.vpc.aws_vpc.this",
            "module.vpc.aws_vpc_ipv4_cidr_block_association.this"
          ]
        },
        {
          "index_key": 2,
          "schema_version": 1,
          "attributes": {
            "arn": "arn:aws:ec2:us-east-2:062894342784:subnet/subnet-07f150c6155c7bc19",
            "assign_ipv6_address_on_creation": false,
            "availability_zone": "us-east-2c",
            "availability_zone_id": "use2-az3",
            "cidr_block": "172.22.6.0/24",
            "customer_owned_ipv4_pool": "",
            "enable_dns64": false,
            "enable_lni_at_device_index": 0,
            "enable_resource_name_dns_a_record_on_launch": false,
            "enable_resource_name_dns_aaaa_record_on_launch": false,
            "id": "subnet-07f150c6155c7bc19",
            "ipv6_cidr_block": "",
            "ipv6_cidr_block_association_id": "",
            "ipv6_native": false,
            "map_customer_owned_ip_on_launch": false,
            "map_public_ip_on_launch": false,
            "outpost_arn": "",
            "owner_id": "062894342784",
            "private_dns_hostname_type_on_launch": "ip-name",
            "tags": {
              "Environment": "dev",
              "Name": "dev-vpc",
              "Name-1": "dev-prisubnet-1",
              "Name-2": "dev-prisubnet-2",
              "Name-3": "dev-prisubnet-3",
              "Terraform": "true"
            },
            "tags_all": {
              "Environment": "dev",
              "Name": "dev-vpc",
              "Name-1": "dev-prisubnet-1",
              "Name-2": "dev-prisubnet-2",
              "Name-3": "dev-prisubnet-3",
              "Terraform": "true"
            },
            "timeouts": null,
            "vpc_id": "vpc-03daef25b7778b3a8"
          },
          "sensitive_attributes": [],
          "private": "eyJlMmJmYjczMC1lY2FhLTExZTYtOGY4OC0zNDM2M2JjN2M0YzAiOnsiY3JlYXRlIjo2MDAwMDAwMDAwMDAsImRlbGV0ZSI6MTIwMDAwMDAwMDAwMH0sInNjaGVtYV92ZXJzaW9uIjoiMSJ9",
          "dependencies": [
            "module.vpc.aws_vpc.this",
            "module.vpc.aws_vpc_ipv4_cidr_block_association.this"
          ]
        }
      ]
    },
    {
      "module": "module.vpc",
      "mode": "managed",
      "type": "aws_subnet",
      "name": "public",
      "provider": "provider[\"registry.terraform.io/hashicorp/aws\"]",
      "instances": [
        {
          "index_key": 0,
          "schema_version": 1,
          "attributes": {
            "arn": "arn:aws:ec2:us-east-2:062894342784:subnet/subnet-0c7002dfa5b2af2b8",
            "assign_ipv6_address_on_creation": false,
            "availability_zone": "us-east-2a",
            "availability_zone_id": "use2-az1",
            "cidr_block": "172.22.1.0/24",
            "customer_owned_ipv4_pool": "",
            "enable_dns64": false,
            "enable_lni_at_device_index": 0,
            "enable_resource_name_dns_a_record_on_launch": false,
            "enable_resource_name_dns_aaaa_record_on_launch": false,
            "id": "subnet-0c7002dfa5b2af2b8",
            "ipv6_cidr_block": "",
            "ipv6_cidr_block_association_id": "",
            "ipv6_native": false,
            "map_customer_owned_ip_on_launch": false,
            "map_public_ip_on_launch": false,
            "outpost_arn": "",
            "owner_id": "062894342784",
            "private_dns_hostname_type_on_launch": "ip-name",
            "tags": {
              "Environment": "dev",
              "Name": "dev-vpc",
              "Name-1": "dev-pubsubnet-1",
              "Name-2": "dev-pubsubnet-2",
              "Name-3": "dev-pubsubnet-3",
              "Terraform": "true"
            },
            "tags_all": {
              "Environment": "dev",
              "Name": "dev-vpc",
              "Name-1": "dev-pubsubnet-1",
              "Name-2": "dev-pubsubnet-2",
              "Name-3": "dev-pubsubnet-3",
              "Terraform": "true"
            },
            "timeouts": null,
            "vpc_id": "vpc-03daef25b7778b3a8"
          },
          "sensitive_attributes": [],
          "private": "eyJlMmJmYjczMC1lY2FhLTExZTYtOGY4OC0zNDM2M2JjN2M0YzAiOnsiY3JlYXRlIjo2MDAwMDAwMDAwMDAsImRlbGV0ZSI6MTIwMDAwMDAwMDAwMH0sInNjaGVtYV92ZXJzaW9uIjoiMSJ9",
          "dependencies": [
            "module.vpc.aws_vpc.this",
            "module.vpc.aws_vpc_ipv4_cidr_block_association.this"
          ]
        },
        {
          "index_key": 1,
          "schema_version": 1,
          "attributes": {
            "arn": "arn:aws:ec2:us-east-2:062894342784:subnet/subnet-062c60604bcff25a5",
            "assign_ipv6_address_on_creation": false,
            "availability_zone": "us-east-2b",
            "availability_zone_id": "use2-az2",
            "cidr_block": "172.22.2.0/24",
            "customer_owned_ipv4_pool": "",
            "enable_dns64": false,
            "enable_lni_at_device_index": 0,
            "enable_resource_name_dns_a_record_on_launch": false,
            "enable_resource_name_dns_aaaa_record_on_launch": false,
            "id": "subnet-062c60604bcff25a5",
            "ipv6_cidr_block": "",
            "ipv6_cidr_block_association_id": "",
            "ipv6_native": false,
            "map_customer_owned_ip_on_launch": false,
            "map_public_ip_on_launch": false,
            "outpost_arn": "",
            "owner_id": "062894342784",
            "private_dns_hostname_type_on_launch": "ip-name",
            "tags": {
              "Environment": "dev",
              "Name": "dev-vpc",
              "Name-1": "dev-pubsubnet-1",
              "Name-2": "dev-pubsubnet-2",
              "Name-3": "dev-pubsubnet-3",
              "Terraform": "true"
            },
            "tags_all": {
              "Environment": "dev",
              "Name": "dev-vpc",
              "Name-1": "dev-pubsubnet-1",
              "Name-2": "dev-pubsubnet-2",
              "Name-3": "dev-pubsubnet-3",
              "Terraform": "true"
            },
            "timeouts": null,
            "vpc_id": "vpc-03daef25b7778b3a8"
          },
          "sensitive_attributes": [],
          "private": "eyJlMmJmYjczMC1lY2FhLTExZTYtOGY4OC0zNDM2M2JjN2M0YzAiOnsiY3JlYXRlIjo2MDAwMDAwMDAwMDAsImRlbGV0ZSI6MTIwMDAwMDAwMDAwMH0sInNjaGVtYV92ZXJzaW9uIjoiMSJ9",
          "dependencies": [
            "module.vpc.aws_vpc.this",
            "module.vpc.aws_vpc_ipv4_cidr_block_association.this"
          ]
        },
        {
          "index_key": 2,
          "schema_version": 1,
          "attributes": {
            "arn": "arn:aws:ec2:us-east-2:062894342784:subnet/subnet-0e6bc70017cd3640f",
            "assign_ipv6_address_on_creation": false,
            "availability_zone": "us-east-2c",
            "availability_zone_id": "use2-az3",
            "cidr_block": "172.22.3.0/24",
            "customer_owned_ipv4_pool": "",
            "enable_dns64": false,
            "enable_lni_at_device_index": 0,
            "enable_resource_name_dns_a_record_on_launch": false,
            "enable_resource_name_dns_aaaa_record_on_launch": false,
            "id": "subnet-0e6bc70017cd3640f",
            "ipv6_cidr_block": "",
            "ipv6_cidr_block_association_id": "",
            "ipv6_native": false,
            "map_customer_owned_ip_on_launch": false,
            "map_public_ip_on_launch": false,
            "outpost_arn": "",
            "owner_id": "062894342784",
            "private_dns_hostname_type_on_launch": "ip-name",
            "tags": {
              "Environment": "dev",
              "Name": "dev-vpc",
              "Name-1": "dev-pubsubnet-1",
              "Name-2": "dev-pubsubnet-2",
              "Name-3": "dev-pubsubnet-3",
              "Terraform": "true"
            },
            "tags_all": {
              "Environment": "dev",
              "Name": "dev-vpc",
              "Name-1": "dev-pubsubnet-1",
              "Name-2": "dev-pubsubnet-2",
              "Name-3": "dev-pubsubnet-3",
              "Terraform": "true"
            },
            "timeouts": null,
            "vpc_id": "vpc-03daef25b7778b3a8"
          },
          "sensitive_attributes": [],
          "private": "eyJlMmJmYjczMC1lY2FhLTExZTYtOGY4OC0zNDM2M2JjN2M0YzAiOnsiY3JlYXRlIjo2MDAwMDAwMDAwMDAsImRlbGV0ZSI6MTIwMDAwMDAwMDAwMH0sInNjaGVtYV92ZXJzaW9uIjoiMSJ9",
          "dependencies": [
            "module.vpc.aws_vpc.this",
            "module.vpc.aws_vpc_ipv4_cidr_block_association.this"
          ]
        }
      ]
    },
    {
      "module": "module.vpc",
      "mode": "managed",
      "type": "aws_vpc",
      "name": "this",
      "provider": "provider[\"registry.terraform.io/hashicorp/aws\"]",
      "instances": [
        {
          "index_key": 0,
          "schema_version": 1,
          "attributes": {
            "arn": "arn:aws:ec2:us-east-2:062894342784:vpc/vpc-03daef25b7778b3a8",
            "assign_generated_ipv6_cidr_block": false,
            "cidr_block": "172.22.0.0/16",
            "default_network_acl_id": "acl-0e1527851a20ddfb5",
            "default_route_table_id": "rtb-0960610da350239c4",
            "default_security_group_id": "sg-0b7cbd8eff6c14723",
            "dhcp_options_id": "dopt-0345f1f935d135d85",
            "enable_dns_hostnames": true,
            "enable_dns_support": true,
            "enable_network_address_usage_metrics": false,
            "id": "vpc-03daef25b7778b3a8",
            "instance_tenancy": "default",
            "ipv4_ipam_pool_id": null,
            "ipv4_netmask_length": null,
            "ipv6_association_id": "",
            "ipv6_cidr_block": "",
            "ipv6_cidr_block_network_border_group": "",
            "ipv6_ipam_pool_id": "",
            "ipv6_netmask_length": 0,
            "main_route_table_id": "rtb-0960610da350239c4",
            "owner_id": "062894342784",
            "tags": {
              "Environment": "dev",
              "Name": "dev-vpc",
              "Terraform": "true"
            },
            "tags_all": {
              "Environment": "dev",
              "Name": "dev-vpc",
              "Terraform": "true"
            }
          },
          "sensitive_attributes": [],
          "private": "eyJzY2hlbWFfdmVyc2lvbiI6IjEifQ==",
          "create_before_destroy": true
        }
      ]
    }
  ],
  "check_results": null
}
